<?xml version="1.0" encoding="utf-8"?>
<Project ToolsVersion="4.0" xmlns="http://schemas.microsoft.com/developer/msbuild/2003">
  <ItemGroup>
    <ClCompile Include="main.cpp" />
    <ClCompile Include="stdafx.cpp" />
    <ClCompile Include="Parts\Part01.cpp">
      <Filter>Part01</Filter>
    </ClCompile>
    <ClCompile Include="Parts\Part02.cpp">
      <Filter>Part02</Filter>
    </ClCompile>
    <ClCompile Include="Parts\Part03.cpp">
      <Filter>Part03</Filter>
    </ClCompile>
  </ItemGroup>
  <ItemGroup>
    <ClInclude Include="stdafx.h" />
    <ClInclude Include="Parts\PartList.h" />
    <ClInclude Include="Parts\Part01.h">
      <Filter>Part01</Filter>
    </ClInclude>
    <ClInclude Include="Parts\Part02.h">
      <Filter>Part02</Filter>
    </ClInclude>
    <ClInclude Include="Parts\Part03.h">
      <Filter>Part03</Filter>
    </ClInclude>
  </ItemGroup>
  <ItemGroup>
    <Filter Include="Part01">
      <UniqueIdentifier>{aebfee93-15ec-4777-bf50-6df244d23692}</UniqueIdentifier>
    </Filter>
    <Filter Include="Part02">
      <UniqueIdentifier>{ab2d9e4f-1712-4141-ad72-74516d03a98b}</UniqueIdentifier>
    </Filter>
    <Filter Include="Part03">
      <UniqueIdentifier>{d840cca7-607d-4af9-a6ce-31bbadf26f15}</UniqueIdentifier>
    </Filter>
  </ItemGroup>
</Project>